// !$*UTF8*$!
{
	archiveVersion = 1;
	classes = {
	};
	objectVersion = 46;
	objects = {

/* Begin PBXBuildFile section */
		8B1D6BA11E17580E0090CA7F /* chara1.gif in Resources */ = {isa = PBXBuildFile; fileRef = 8B1D6B9F1E17580E0090CA7F /* chara1.gif */; };
		8B1D6BA21E17580E0090CA7F /* chara3.gif in Resources */ = {isa = PBXBuildFile; fileRef = 8B1D6BA01E17580E0090CA7F /* chara3.gif */; };
		8B1D6BA81E175A250090CA7F /* chara2.gif in Resources */ = {isa = PBXBuildFile; fileRef = 8B1D6BA51E175A250090CA7F /* chara2.gif */; };
		8B1D6BAB1E17BD680090CA7F /* ヒット＿通常.wav in Resources */ = {isa = PBXBuildFile; fileRef = 8B1D6BAA1E17BD680090CA7F /* ヒット＿通常.wav */; };
		8B1D6BAD1E17BDA60090CA7F /* water.wav in Resources */ = {isa = PBXBuildFile; fileRef = 8B1D6BAC1E17BDA60090CA7F /* water.wav */; };
		8B1D6BAF1E17BDB30090CA7F /* fire.wav in Resources */ = {isa = PBXBuildFile; fileRef = 8B1D6BAE1E17BDB30090CA7F /* fire.wav */; };
		8B1D6BB11E17BDFA0090CA7F /* thunder.wav in Resources */ = {isa = PBXBuildFile; fileRef = 8B1D6BB01E17BDFA0090CA7F /* thunder.wav */; };
		8B1D6BB41E17BF050090CA7F /* 炎.gif in Resources */ = {isa = PBXBuildFile; fileRef = 8B1D6BB31E17BF050090CA7F /* 炎.gif */; };
		8B1D6BB61E17BF0D0090CA7F /* 水.gif in Resources */ = {isa = PBXBuildFile; fileRef = 8B1D6BB51E17BF0D0090CA7F /* 水.gif */; };
		8B1D6BB81E17BF130090CA7F /* 雷.gif in Resources */ = {isa = PBXBuildFile; fileRef = 8B1D6BB71E17BF130090CA7F /* 雷.gif */; };
		8B27F84D1E2FBE9000BADE09 /* attack.wav in Resources */ = {isa = PBXBuildFile; fileRef = 8B27F84C1E2FBE9000BADE09 /* attack.wav */; };
		8B27F8501E2FD24000BADE09 /* f008_forest8.mp3 in Resources */ = {isa = PBXBuildFile; fileRef = 8B27F84F1E2FD24000BADE09 /* f008_forest8.mp3 */; };
		8B27F8521E2FD5EF00BADE09 /* se_maoudamashii_onepoint23.mp3 in Resources */ = {isa = PBXBuildFile; fileRef = 8B27F8511E2FD5EF00BADE09 /* se_maoudamashii_onepoint23.mp3 */; };
		8B27F86A1E2FDD8A00BADE09 /* mon_051.gif in Resources */ = {isa = PBXBuildFile; fileRef = 8B27F8531E2FDD8A00BADE09 /* mon_051.gif */; };
		8B27F86B1E2FDD8A00BADE09 /* mon_052.gif in Resources */ = {isa = PBXBuildFile; fileRef = 8B27F8541E2FDD8A00BADE09 /* mon_052.gif */; };
		8B27F86C1E2FDD8A00BADE09 /* mon_053.gif in Resources */ = {isa = PBXBuildFile; fileRef = 8B27F8551E2FDD8A00BADE09 /* mon_053.gif */; };
		8B27F86D1E2FDD8A00BADE09 /* mon_054.gif in Resources */ = {isa = PBXBuildFile; fileRef = 8B27F8561E2FDD8A00BADE09 /* mon_054.gif */; };
		8B27F86E1E2FDD8A00BADE09 /* mon_055.gif in Resources */ = {isa = PBXBuildFile; fileRef = 8B27F8571E2FDD8A00BADE09 /* mon_055.gif */; };
		8B27F86F1E2FDD8A00BADE09 /* mon_057.gif in Resources */ = {isa = PBXBuildFile; fileRef = 8B27F8581E2FDD8A00BADE09 /* mon_057.gif */; };
		8B27F8701E2FDD8A00BADE09 /* mon_058.gif in Resources */ = {isa = PBXBuildFile; fileRef = 8B27F8591E2FDD8A00BADE09 /* mon_058.gif */; };
		8B27F8711E2FDD8A00BADE09 /* mon_061.gif in Resources */ = {isa = PBXBuildFile; fileRef = 8B27F85A1E2FDD8A00BADE09 /* mon_061.gif */; };
		8B27F8721E2FDD8A00BADE09 /* mon_062.gif in Resources */ = {isa = PBXBuildFile; fileRef = 8B27F85B1E2FDD8A00BADE09 /* mon_062.gif */; };
		8B27F8731E2FDD8A00BADE09 /* mon_063.gif in Resources */ = {isa = PBXBuildFile; fileRef = 8B27F85C1E2FDD8A00BADE09 /* mon_063.gif */; };
		8B27F8741E2FDD8A00BADE09 /* mon_065.gif in Resources */ = {isa = PBXBuildFile; fileRef = 8B27F85D1E2FDD8A00BADE09 /* mon_065.gif */; };
		8B27F8751E2FDD8A00BADE09 /* mon_066.gif in Resources */ = {isa = PBXBuildFile; fileRef = 8B27F85E1E2FDD8A00BADE09 /* mon_066.gif */; };
		8B27F8761E2FDD8A00BADE09 /* mon_067.gif in Resources */ = {isa = PBXBuildFile; fileRef = 8B27F85F1E2FDD8A00BADE09 /* mon_067.gif */; };
		8B27F8771E2FDD8A00BADE09 /* mon_068.gif in Resources */ = {isa = PBXBuildFile; fileRef = 8B27F8601E2FDD8A00BADE09 /* mon_068.gif */; };
		8B27F8781E2FDD8A00BADE09 /* mon_069.gif in Resources */ = {isa = PBXBuildFile; fileRef = 8B27F8611E2FDD8A00BADE09 /* mon_069.gif */; };
		8B27F8791E2FDD8A00BADE09 /* mon_070.gif in Resources */ = {isa = PBXBuildFile; fileRef = 8B27F8621E2FDD8A00BADE09 /* mon_070.gif */; };
		8B27F87A1E2FDD8A00BADE09 /* mon_192.gif in Resources */ = {isa = PBXBuildFile; fileRef = 8B27F8631E2FDD8A00BADE09 /* mon_192.gif */; };
		8B27F87B1E2FDD8A00BADE09 /* mon_193.gif in Resources */ = {isa = PBXBuildFile; fileRef = 8B27F8641E2FDD8A00BADE09 /* mon_193.gif */; };
		8B27F87C1E2FDD8A00BADE09 /* mon_196.gif in Resources */ = {isa = PBXBuildFile; fileRef = 8B27F8651E2FDD8A00BADE09 /* mon_196.gif */; };
		8B27F87D1E2FDD8A00BADE09 /* mon_197.gif in Resources */ = {isa = PBXBuildFile; fileRef = 8B27F8661E2FDD8A00BADE09 /* mon_197.gif */; };
		8B27F87E1E2FDD8A00BADE09 /* mon_198.gif in Resources */ = {isa = PBXBuildFile; fileRef = 8B27F8671E2FDD8A00BADE09 /* mon_198.gif */; };
		8B27F87F1E2FDD8A00BADE09 /* mon_219.gif in Resources */ = {isa = PBXBuildFile; fileRef = 8B27F8681E2FDD8A00BADE09 /* mon_219.gif */; };
		8B27F8801E2FDD8A00BADE09 /* mon_220.gif in Resources */ = {isa = PBXBuildFile; fileRef = 8B27F8691E2FDD8A00BADE09 /* mon_220.gif */; };
		8B27F8821E2FED3E00BADE09 /* death.mp3 in Resources */ = {isa = PBXBuildFile; fileRef = 8B27F8811E2FED3E00BADE09 /* death.mp3 */; };
		8B2DAA4E1E17D7D2006893A0 /* UIImage+Gif.swift in Sources */ = {isa = PBXBuildFile; fileRef = 8B2DAA4D1E17D7D2006893A0 /* UIImage+Gif.swift */; };
		8B2DAA501E17DDBB006893A0 /* characterClass.swift in Sources */ = {isa = PBXBuildFile; fileRef = 8B2DAA4F1E17DDBB006893A0 /* characterClass.swift */; };
		8B2E82EB1E15F404005F9667 /* forest.png in Resources */ = {isa = PBXBuildFile; fileRef = 8B2E82E91E15F404005F9667 /* forest.png */; };
		8B2E82EC1E15F404005F9667 /* grassland.png in Resources */ = {isa = PBXBuildFile; fileRef = 8B2E82EA1E15F404005F9667 /* grassland.png */; };
		8B53595D1E1288A70024A7BC /* calcRegistrationClass.swift in Sources */ = {isa = PBXBuildFile; fileRef = 8B53595C1E1288A70024A7BC /* calcRegistrationClass.swift */; };
		8B721ADE1DFDCE840025EA70 /* AppDelegate.swift in Sources */ = {isa = PBXBuildFile; fileRef = 8B721ADD1DFDCE840025EA70 /* AppDelegate.swift */; };
		8B721AE01DFDCE840025EA70 /* ViewController.swift in Sources */ = {isa = PBXBuildFile; fileRef = 8B721ADF1DFDCE840025EA70 /* ViewController.swift */; };
		8B721AE31DFDCE840025EA70 /* Main.storyboard in Resources */ = {isa = PBXBuildFile; fileRef = 8B721AE11DFDCE840025EA70 /* Main.storyboard */; };
		8B721AE51DFDCE840025EA70 /* Assets.xcassets in Resources */ = {isa = PBXBuildFile; fileRef = 8B721AE41DFDCE840025EA70 /* Assets.xcassets */; };
		8B721AE81DFDCE840025EA70 /* LaunchScreen.storyboard in Resources */ = {isa = PBXBuildFile; fileRef = 8B721AE61DFDCE840025EA70 /* LaunchScreen.storyboard */; };
		8B721AF31DFDCE850025EA70 /* calculatorForCodeCampTests.swift in Sources */ = {isa = PBXBuildFile; fileRef = 8B721AF21DFDCE850025EA70 /* calculatorForCodeCampTests.swift */; };
		8B721AFE1DFDCE850025EA70 /* calculatorForCodeCampUITests.swift in Sources */ = {isa = PBXBuildFile; fileRef = 8B721AFD1DFDCE850025EA70 /* calculatorForCodeCampUITests.swift */; };
		8E4BA8CC9904C138806A6719 /* Pods_calculatorForCodeCamp.framework in Frameworks */ = {isa = PBXBuildFile; fileRef = 1C5A6EEDB0C831E7BB91177D /* Pods_calculatorForCodeCamp.framework */; };
/* End PBXBuildFile section */

/* Begin PBXContainerItemProxy section */
		8B721AEF1DFDCE850025EA70 /* PBXContainerItemProxy */ = {
			isa = PBXContainerItemProxy;
			containerPortal = 8B721AD21DFDCE840025EA70 /* Project object */;
			proxyType = 1;
			remoteGlobalIDString = 8B721AD91DFDCE840025EA70;
			remoteInfo = calculatorForCodeCamp;
		};
		8B721AFA1DFDCE850025EA70 /* PBXContainerItemProxy */ = {
			isa = PBXContainerItemProxy;
			containerPortal = 8B721AD21DFDCE840025EA70 /* Project object */;
			proxyType = 1;
			remoteGlobalIDString = 8B721AD91DFDCE840025EA70;
			remoteInfo = calculatorForCodeCamp;
		};
/* End PBXContainerItemProxy section */

/* Begin PBXFileReference section */
		1C5A6EEDB0C831E7BB91177D /* Pods_calculatorForCodeCamp.framework */ = {isa = PBXFileReference; explicitFileType = wrapper.framework; includeInIndex = 0; path = Pods_calculatorForCodeCamp.framework; sourceTree = BUILT_PRODUCTS_DIR; };
		3783E3C109577516B97FFF90 /* Pods_calculatorForCodeCampTests.framework */ = {isa = PBXFileReference; explicitFileType = wrapper.framework; includeInIndex = 0; path = Pods_calculatorForCodeCampTests.framework; sourceTree = BUILT_PRODUCTS_DIR; };
		76CD743B3723DC18D6A95363 /* Pods-calculatorForCodeCamp.debug.xcconfig */ = {isa = PBXFileReference; includeInIndex = 1; lastKnownFileType = text.xcconfig; name = "Pods-calculatorForCodeCamp.debug.xcconfig"; path = "Pods/Target Support Files/Pods-calculatorForCodeCamp/Pods-calculatorForCodeCamp.debug.xcconfig"; sourceTree = "<group>"; };
		8B1D6B9F1E17580E0090CA7F /* chara1.gif */ = {isa = PBXFileReference; lastKnownFileType = image.gif; path = chara1.gif; sourceTree = "<group>"; };
		8B1D6BA01E17580E0090CA7F /* chara3.gif */ = {isa = PBXFileReference; lastKnownFileType = image.gif; path = chara3.gif; sourceTree = "<group>"; };
		8B1D6BA51E175A250090CA7F /* chara2.gif */ = {isa = PBXFileReference; lastKnownFileType = image.gif; path = chara2.gif; sourceTree = "<group>"; };
		8B1D6BAA1E17BD680090CA7F /* ヒット＿通常.wav */ = {isa = PBXFileReference; lastKnownFileType = audio.wav; path = "ヒット＿通常.wav"; sourceTree = "<group>"; };
		8B1D6BAC1E17BDA60090CA7F /* water.wav */ = {isa = PBXFileReference; lastKnownFileType = audio.wav; path = water.wav; sourceTree = "<group>"; };
		8B1D6BAE1E17BDB30090CA7F /* fire.wav */ = {isa = PBXFileReference; lastKnownFileType = audio.wav; path = fire.wav; sourceTree = "<group>"; };
		8B1D6BB01E17BDFA0090CA7F /* thunder.wav */ = {isa = PBXFileReference; lastKnownFileType = audio.wav; path = thunder.wav; sourceTree = "<group>"; };
		8B1D6BB31E17BF050090CA7F /* 炎.gif */ = {isa = PBXFileReference; lastKnownFileType = image.gif; path = "炎.gif"; sourceTree = "<group>"; };
		8B1D6BB51E17BF0D0090CA7F /* 水.gif */ = {isa = PBXFileReference; lastKnownFileType = image.gif; path = "水.gif"; sourceTree = "<group>"; };
		8B1D6BB71E17BF130090CA7F /* 雷.gif */ = {isa = PBXFileReference; lastKnownFileType = image.gif; path = "雷.gif"; sourceTree = "<group>"; };
		8B27F84C1E2FBE9000BADE09 /* attack.wav */ = {isa = PBXFileReference; lastKnownFileType = audio.wav; path = attack.wav; sourceTree = "<group>"; };
		8B27F84F1E2FD24000BADE09 /* f008_forest8.mp3 */ = {isa = PBXFileReference; lastKnownFileType = audio.mp3; path = f008_forest8.mp3; sourceTree = "<group>"; };
		8B27F8511E2FD5EF00BADE09 /* se_maoudamashii_onepoint23.mp3 */ = {isa = PBXFileReference; lastKnownFileType = audio.mp3; path = se_maoudamashii_onepoint23.mp3; sourceTree = "<group>"; };
		8B27F8531E2FDD8A00BADE09 /* mon_051.gif */ = {isa = PBXFileReference; lastKnownFileType = image.gif; path = mon_051.gif; sourceTree = "<group>"; };
		8B27F8541E2FDD8A00BADE09 /* mon_052.gif */ = {isa = PBXFileReference; lastKnownFileType = image.gif; path = mon_052.gif; sourceTree = "<group>"; };
		8B27F8551E2FDD8A00BADE09 /* mon_053.gif */ = {isa = PBXFileReference; lastKnownFileType = image.gif; path = mon_053.gif; sourceTree = "<group>"; };
		8B27F8561E2FDD8A00BADE09 /* mon_054.gif */ = {isa = PBXFileReference; lastKnownFileType = image.gif; path = mon_054.gif; sourceTree = "<group>"; };
		8B27F8571E2FDD8A00BADE09 /* mon_055.gif */ = {isa = PBXFileReference; lastKnownFileType = image.gif; path = mon_055.gif; sourceTree = "<group>"; };
		8B27F8581E2FDD8A00BADE09 /* mon_057.gif */ = {isa = PBXFileReference; lastKnownFileType = image.gif; path = mon_057.gif; sourceTree = "<group>"; };
		8B27F8591E2FDD8A00BADE09 /* mon_058.gif */ = {isa = PBXFileReference; lastKnownFileType = image.gif; path = mon_058.gif; sourceTree = "<group>"; };
		8B27F85A1E2FDD8A00BADE09 /* mon_061.gif */ = {isa = PBXFileReference; lastKnownFileType = image.gif; path = mon_061.gif; sourceTree = "<group>"; };
		8B27F85B1E2FDD8A00BADE09 /* mon_062.gif */ = {isa = PBXFileReference; lastKnownFileType = image.gif; path = mon_062.gif; sourceTree = "<group>"; };
		8B27F85C1E2FDD8A00BADE09 /* mon_063.gif */ = {isa = PBXFileReference; lastKnownFileType = image.gif; path = mon_063.gif; sourceTree = "<group>"; };
		8B27F85D1E2FDD8A00BADE09 /* mon_065.gif */ = {isa = PBXFileReference; lastKnownFileType = image.gif; path = mon_065.gif; sourceTree = "<group>"; };
		8B27F85E1E2FDD8A00BADE09 /* mon_066.gif */ = {isa = PBXFileReference; lastKnownFileType = image.gif; path = mon_066.gif; sourceTree = "<group>"; };
		8B27F85F1E2FDD8A00BADE09 /* mon_067.gif */ = {isa = PBXFileReference; lastKnownFileType = image.gif; path = mon_067.gif; sourceTree = "<group>"; };
		8B27F8601E2FDD8A00BADE09 /* mon_068.gif */ = {isa = PBXFileReference; lastKnownFileType = image.gif; path = mon_068.gif; sourceTree = "<group>"; };
		8B27F8611E2FDD8A00BADE09 /* mon_069.gif */ = {isa = PBXFileReference; lastKnownFileType = image.gif; path = mon_069.gif; sourceTree = "<group>"; };
		8B27F8621E2FDD8A00BADE09 /* mon_070.gif */ = {isa = PBXFileReference; lastKnownFileType = image.gif; path = mon_070.gif; sourceTree = "<group>"; };
		8B27F8631E2FDD8A00BADE09 /* mon_192.gif */ = {isa = PBXFileReference; lastKnownFileType = image.gif; path = mon_192.gif; sourceTree = "<group>"; };
		8B27F8641E2FDD8A00BADE09 /* mon_193.gif */ = {isa = PBXFileReference; lastKnownFileType = image.gif; path = mon_193.gif; sourceTree = "<group>"; };
		8B27F8651E2FDD8A00BADE09 /* mon_196.gif */ = {isa = PBXFileReference; lastKnownFileType = image.gif; path = mon_196.gif; sourceTree = "<group>"; };
		8B27F8661E2FDD8A00BADE09 /* mon_197.gif */ = {isa = PBXFileReference; lastKnownFileType = image.gif; path = mon_197.gif; sourceTree = "<group>"; };
		8B27F8671E2FDD8A00BADE09 /* mon_198.gif */ = {isa = PBXFileReference; lastKnownFileType = image.gif; path = mon_198.gif; sourceTree = "<group>"; };
		8B27F8681E2FDD8A00BADE09 /* mon_219.gif */ = {isa = PBXFileReference; lastKnownFileType = image.gif; path = mon_219.gif; sourceTree = "<group>"; };
		8B27F8691E2FDD8A00BADE09 /* mon_220.gif */ = {isa = PBXFileReference; lastKnownFileType = image.gif; path = mon_220.gif; sourceTree = "<group>"; };
		8B27F8811E2FED3E00BADE09 /* death.mp3 */ = {isa = PBXFileReference; lastKnownFileType = audio.mp3; path = death.mp3; sourceTree = "<group>"; };
		8B2DAA4D1E17D7D2006893A0 /* UIImage+Gif.swift */ = {isa = PBXFileReference; fileEncoding = 4; lastKnownFileType = sourcecode.swift; path = "UIImage+Gif.swift"; sourceTree = "<group>"; };
		8B2DAA4F1E17DDBB006893A0 /* characterClass.swift */ = {isa = PBXFileReference; fileEncoding = 4; lastKnownFileType = sourcecode.swift; path = characterClass.swift; sourceTree = "<group>"; };
		8B2E82E91E15F404005F9667 /* forest.png */ = {isa = PBXFileReference; lastKnownFileType = image.png; path = forest.png; sourceTree = "<group>"; };
		8B2E82EA1E15F404005F9667 /* grassland.png */ = {isa = PBXFileReference; lastKnownFileType = image.png; path = grassland.png; sourceTree = "<group>"; };
		8B53595C1E1288A70024A7BC /* calcRegistrationClass.swift */ = {isa = PBXFileReference; fileEncoding = 4; lastKnownFileType = sourcecode.swift; path = calcRegistrationClass.swift; sourceTree = "<group>"; };
		8B721ADA1DFDCE840025EA70 /* calculatorForCodeCamp.app */ = {isa = PBXFileReference; explicitFileType = wrapper.application; includeInIndex = 0; path = calculatorForCodeCamp.app; sourceTree = BUILT_PRODUCTS_DIR; };
		8B721ADD1DFDCE840025EA70 /* AppDelegate.swift */ = {isa = PBXFileReference; lastKnownFileType = sourcecode.swift; path = AppDelegate.swift; sourceTree = "<group>"; };
		8B721ADF1DFDCE840025EA70 /* ViewController.swift */ = {isa = PBXFileReference; lastKnownFileType = sourcecode.swift; path = ViewController.swift; sourceTree = "<group>"; };
		8B721AE21DFDCE840025EA70 /* Base */ = {isa = PBXFileReference; lastKnownFileType = file.storyboard; name = Base; path = Base.lproj/Main.storyboard; sourceTree = "<group>"; };
		8B721AE41DFDCE840025EA70 /* Assets.xcassets */ = {isa = PBXFileReference; lastKnownFileType = folder.assetcatalog; path = Assets.xcassets; sourceTree = "<group>"; };
		8B721AE71DFDCE840025EA70 /* Base */ = {isa = PBXFileReference; lastKnownFileType = file.storyboard; name = Base; path = Base.lproj/LaunchScreen.storyboard; sourceTree = "<group>"; };
		8B721AE91DFDCE840025EA70 /* Info.plist */ = {isa = PBXFileReference; lastKnownFileType = text.plist.xml; path = Info.plist; sourceTree = "<group>"; };
		8B721AEE1DFDCE850025EA70 /* calculatorForCodeCampTests.xctest */ = {isa = PBXFileReference; explicitFileType = wrapper.cfbundle; includeInIndex = 0; path = calculatorForCodeCampTests.xctest; sourceTree = BUILT_PRODUCTS_DIR; };
		8B721AF21DFDCE850025EA70 /* calculatorForCodeCampTests.swift */ = {isa = PBXFileReference; lastKnownFileType = sourcecode.swift; path = calculatorForCodeCampTests.swift; sourceTree = "<group>"; };
		8B721AF41DFDCE850025EA70 /* Info.plist */ = {isa = PBXFileReference; lastKnownFileType = text.plist.xml; path = Info.plist; sourceTree = "<group>"; };
		8B721AF91DFDCE850025EA70 /* calculatorForCodeCampUITests.xctest */ = {isa = PBXFileReference; explicitFileType = wrapper.cfbundle; includeInIndex = 0; path = calculatorForCodeCampUITests.xctest; sourceTree = BUILT_PRODUCTS_DIR; };
		8B721AFD1DFDCE850025EA70 /* calculatorForCodeCampUITests.swift */ = {isa = PBXFileReference; lastKnownFileType = sourcecode.swift; path = calculatorForCodeCampUITests.swift; sourceTree = "<group>"; };
		8B721AFF1DFDCE850025EA70 /* Info.plist */ = {isa = PBXFileReference; lastKnownFileType = text.plist.xml; path = Info.plist; sourceTree = "<group>"; };
		C91A3114DFEEBDE7CCF7FAD7 /* Pods-calculatorForCodeCamp.release.xcconfig */ = {isa = PBXFileReference; includeInIndex = 1; lastKnownFileType = text.xcconfig; name = "Pods-calculatorForCodeCamp.release.xcconfig"; path = "Pods/Target Support Files/Pods-calculatorForCodeCamp/Pods-calculatorForCodeCamp.release.xcconfig"; sourceTree = "<group>"; };
		E12E643F6EA90DD3A575DFFB /* Pods_calculatorForCodeCampUITests.framework */ = {isa = PBXFileReference; explicitFileType = wrapper.framework; includeInIndex = 0; path = Pods_calculatorForCodeCampUITests.framework; sourceTree = BUILT_PRODUCTS_DIR; };
/* End PBXFileReference section */

/* Begin PBXFrameworksBuildPhase section */
		8B721AD71DFDCE840025EA70 /* Frameworks */ = {
			isa = PBXFrameworksBuildPhase;
			buildActionMask = 2147483647;
			files = (
				8E4BA8CC9904C138806A6719 /* Pods_calculatorForCodeCamp.framework in Frameworks */,
			);
			runOnlyForDeploymentPostprocessing = 0;
		};
		8B721AEB1DFDCE850025EA70 /* Frameworks */ = {
			isa = PBXFrameworksBuildPhase;
			buildActionMask = 2147483647;
			files = (
			);
			runOnlyForDeploymentPostprocessing = 0;
		};
		8B721AF61DFDCE850025EA70 /* Frameworks */ = {
			isa = PBXFrameworksBuildPhase;
			buildActionMask = 2147483647;
			files = (
			);
			runOnlyForDeploymentPostprocessing = 0;
		};
/* End PBXFrameworksBuildPhase section */

/* Begin PBXGroup section */
		5E509092068F98CC948C33CB /* Frameworks */ = {
			isa = PBXGroup;
			children = (
				1C5A6EEDB0C831E7BB91177D /* Pods_calculatorForCodeCamp.framework */,
				3783E3C109577516B97FFF90 /* Pods_calculatorForCodeCampTests.framework */,
				E12E643F6EA90DD3A575DFFB /* Pods_calculatorForCodeCampUITests.framework */,
			);
			name = Frameworks;
			sourceTree = "<group>";
		};
		8B1D6BA91E17BD5E0090CA7F /* SE */ = {
			isa = PBXGroup;
			children = (
				8B1D6BAC1E17BDA60090CA7F /* water.wav */,
				8B1D6BAE1E17BDB30090CA7F /* fire.wav */,
				8B27F8811E2FED3E00BADE09 /* death.mp3 */,
				8B27F8511E2FD5EF00BADE09 /* se_maoudamashii_onepoint23.mp3 */,
				8B27F84C1E2FBE9000BADE09 /* attack.wav */,
				8B1D6BB01E17BDFA0090CA7F /* thunder.wav */,
				8B1D6BAA1E17BD680090CA7F /* ヒット＿通常.wav */,
			);
			name = SE;
			sourceTree = "<group>";
		};
		8B1D6BB21E17BED00090CA7F /* battleEffect */ = {
			isa = PBXGroup;
			children = (
				8B1D6BB51E17BF0D0090CA7F /* 水.gif */,
				8B1D6BB71E17BF130090CA7F /* 雷.gif */,
				8B1D6BB31E17BF050090CA7F /* 炎.gif */,
			);
			name = battleEffect;
			sourceTree = "<group>";
		};
		8B27F84E1E2FD23100BADE09 /* BGM */ = {
			isa = PBXGroup;
			children = (
				8B27F84F1E2FD24000BADE09 /* f008_forest8.mp3 */,
			);
			name = BGM;
			sourceTree = "<group>";
		};
		8B721AD11DFDCE840025EA70 = {
			isa = PBXGroup;
			children = (
				8B721ADC1DFDCE840025EA70 /* calculatorForCodeCamp */,
				8B721AF11DFDCE850025EA70 /* calculatorForCodeCampTests */,
				8B721AFC1DFDCE850025EA70 /* calculatorForCodeCampUITests */,
				8B721ADB1DFDCE840025EA70 /* Products */,
				FC75E368DB5E51E247E33986 /* Pods */,
				5E509092068F98CC948C33CB /* Frameworks */,
			);
			sourceTree = "<group>";
		};
		8B721ADB1DFDCE840025EA70 /* Products */ = {
			isa = PBXGroup;
			children = (
				8B721ADA1DFDCE840025EA70 /* calculatorForCodeCamp.app */,
				8B721AEE1DFDCE850025EA70 /* calculatorForCodeCampTests.xctest */,
				8B721AF91DFDCE850025EA70 /* calculatorForCodeCampUITests.xctest */,
			);
			name = Products;
			sourceTree = "<group>";
		};
		8B721ADC1DFDCE840025EA70 /* calculatorForCodeCamp */ = {
			isa = PBXGroup;
			children = (
				8B27F84E1E2FD23100BADE09 /* BGM */,
				8B1D6BB21E17BED00090CA7F /* battleEffect */,
				8B1D6BA91E17BD5E0090CA7F /* SE */,
				8B721ADD1DFDCE840025EA70 /* AppDelegate.swift */,
				8B2DAA4D1E17D7D2006893A0 /* UIImage+Gif.swift */,
				8B721ADF1DFDCE840025EA70 /* ViewController.swift */,
				8B721AE11DFDCE840025EA70 /* Main.storyboard */,
				8B53595C1E1288A70024A7BC /* calcRegistrationClass.swift */,
				8B2DAA4F1E17DDBB006893A0 /* characterClass.swift */,
				8BA1FBD11DFDD7F500FDFE5F /* img */,
				8B721AE41DFDCE840025EA70 /* Assets.xcassets */,
				8B721AE61DFDCE840025EA70 /* LaunchScreen.storyboard */,
				8B721AE91DFDCE840025EA70 /* Info.plist */,
			);
			path = calculatorForCodeCamp;
			sourceTree = "<group>";
		};
		8B721AF11DFDCE850025EA70 /* calculatorForCodeCampTests */ = {
			isa = PBXGroup;
			children = (
				8B721AF21DFDCE850025EA70 /* calculatorForCodeCampTests.swift */,
				8B721AF41DFDCE850025EA70 /* Info.plist */,
			);
			path = calculatorForCodeCampTests;
			sourceTree = "<group>";
		};
		8B721AFC1DFDCE850025EA70 /* calculatorForCodeCampUITests */ = {
			isa = PBXGroup;
			children = (
				8B721AFD1DFDCE850025EA70 /* calculatorForCodeCampUITests.swift */,
				8B721AFF1DFDCE850025EA70 /* Info.plist */,
			);
			path = calculatorForCodeCampUITests;
			sourceTree = "<group>";
		};
		8BA1FBD11DFDD7F500FDFE5F /* img */ = {
			isa = PBXGroup;
			children = (
				8B27F8531E2FDD8A00BADE09 /* mon_051.gif */,
				8B27F8541E2FDD8A00BADE09 /* mon_052.gif */,
				8B27F8551E2FDD8A00BADE09 /* mon_053.gif */,
				8B27F8561E2FDD8A00BADE09 /* mon_054.gif */,
				8B27F8571E2FDD8A00BADE09 /* mon_055.gif */,
				8B27F8581E2FDD8A00BADE09 /* mon_057.gif */,
				8B27F8591E2FDD8A00BADE09 /* mon_058.gif */,
				8B27F85A1E2FDD8A00BADE09 /* mon_061.gif */,
				8B27F85B1E2FDD8A00BADE09 /* mon_062.gif */,
				8B27F85C1E2FDD8A00BADE09 /* mon_063.gif */,
				8B27F85D1E2FDD8A00BADE09 /* mon_065.gif */,
				8B27F85E1E2FDD8A00BADE09 /* mon_066.gif */,
				8B27F85F1E2FDD8A00BADE09 /* mon_067.gif */,
				8B27F8601E2FDD8A00BADE09 /* mon_068.gif */,
				8B27F8611E2FDD8A00BADE09 /* mon_069.gif */,
				8B27F8621E2FDD8A00BADE09 /* mon_070.gif */,
				8B27F8631E2FDD8A00BADE09 /* mon_192.gif */,
				8B27F8641E2FDD8A00BADE09 /* mon_193.gif */,
				8B27F8651E2FDD8A00BADE09 /* mon_196.gif */,
				8B27F8661E2FDD8A00BADE09 /* mon_197.gif */,
				8B27F8671E2FDD8A00BADE09 /* mon_198.gif */,
				8B27F8681E2FDD8A00BADE09 /* mon_219.gif */,
				8B27F8691E2FDD8A00BADE09 /* mon_220.gif */,
				8B1D6BA51E175A250090CA7F /* chara2.gif */,
				8B1D6B9F1E17580E0090CA7F /* chara1.gif */,
				8B1D6BA01E17580E0090CA7F /* chara3.gif */,
				8B2E82E91E15F404005F9667 /* forest.png */,
				8B2E82EA1E15F404005F9667 /* grassland.png */,
			);
			path = img;
			sourceTree = "<group>";
		};
		FC75E368DB5E51E247E33986 /* Pods */ = {
			isa = PBXGroup;
			children = (
				76CD743B3723DC18D6A95363 /* Pods-calculatorForCodeCamp.debug.xcconfig */,
				C91A3114DFEEBDE7CCF7FAD7 /* Pods-calculatorForCodeCamp.release.xcconfig */,
			);
			name = Pods;
			sourceTree = "<group>";
		};
/* End PBXGroup section */

/* Begin PBXNativeTarget section */
		8B721AD91DFDCE840025EA70 /* calculatorForCodeCamp */ = {
			isa = PBXNativeTarget;
			buildConfigurationList = 8B721B021DFDCE850025EA70 /* Build configuration list for PBXNativeTarget "calculatorForCodeCamp" */;
			buildPhases = (
				2400093928D8D53DEEF6F6CA /* [CP] Check Pods Manifest.lock */,
				8B721AD61DFDCE840025EA70 /* Sources */,
				8B721AD71DFDCE840025EA70 /* Frameworks */,
				8B721AD81DFDCE840025EA70 /* Resources */,
				DDCF1B801924926C7E618A26 /* [CP] Embed Pods Frameworks */,
				DFD0C31CBAA90BBA523B3624 /* [CP] Copy Pods Resources */,
			);
			buildRules = (
			);
			dependencies = (
			);
			name = calculatorForCodeCamp;
			productName = calculatorForCodeCamp;
			productReference = 8B721ADA1DFDCE840025EA70 /* calculatorForCodeCamp.app */;
			productType = "com.apple.product-type.application";
		};
		8B721AED1DFDCE850025EA70 /* calculatorForCodeCampTests */ = {
			isa = PBXNativeTarget;
			buildConfigurationList = 8B721B051DFDCE850025EA70 /* Build configuration list for PBXNativeTarget "calculatorForCodeCampTests" */;
			buildPhases = (
				8B721AEA1DFDCE850025EA70 /* Sources */,
				8B721AEB1DFDCE850025EA70 /* Frameworks */,
				8B721AEC1DFDCE850025EA70 /* Resources */,
			);
			buildRules = (
			);
			dependencies = (
				8B721AF01DFDCE850025EA70 /* PBXTargetDependency */,
			);
			name = calculatorForCodeCampTests;
			productName = calculatorForCodeCampTests;
			productReference = 8B721AEE1DFDCE850025EA70 /* calculatorForCodeCampTests.xctest */;
			productType = "com.apple.product-type.bundle.unit-test";
		};
		8B721AF81DFDCE850025EA70 /* calculatorForCodeCampUITests */ = {
			isa = PBXNativeTarget;
			buildConfigurationList = 8B721B081DFDCE850025EA70 /* Build configuration list for PBXNativeTarget "calculatorForCodeCampUITests" */;
			buildPhases = (
				8B721AF51DFDCE850025EA70 /* Sources */,
				8B721AF61DFDCE850025EA70 /* Frameworks */,
				8B721AF71DFDCE850025EA70 /* Resources */,
			);
			buildRules = (
			);
			dependencies = (
				8B721AFB1DFDCE850025EA70 /* PBXTargetDependency */,
			);
			name = calculatorForCodeCampUITests;
			productName = calculatorForCodeCampUITests;
			productReference = 8B721AF91DFDCE850025EA70 /* calculatorForCodeCampUITests.xctest */;
			productType = "com.apple.product-type.bundle.ui-testing";
		};
/* End PBXNativeTarget section */

/* Begin PBXProject section */
		8B721AD21DFDCE840025EA70 /* Project object */ = {
			isa = PBXProject;
			attributes = {
				LastSwiftUpdateCheck = 0810;
				LastUpgradeCheck = 0810;
				ORGANIZATIONNAME = "Toshimitsu Nakamura";
				TargetAttributes = {
					8B721AD91DFDCE840025EA70 = {
						CreatedOnToolsVersion = 8.1;
						ProvisioningStyle = Automatic;
					};
					8B721AED1DFDCE850025EA70 = {
						CreatedOnToolsVersion = 8.1;
						ProvisioningStyle = Automatic;
						TestTargetID = 8B721AD91DFDCE840025EA70;
					};
					8B721AF81DFDCE850025EA70 = {
						CreatedOnToolsVersion = 8.1;
						ProvisioningStyle = Automatic;
						TestTargetID = 8B721AD91DFDCE840025EA70;
					};
				};
			};
			buildConfigurationList = 8B721AD51DFDCE840025EA70 /* Build configuration list for PBXProject "calculatorForCodeCamp" */;
			compatibilityVersion = "Xcode 3.2";
			developmentRegion = English;
			hasScannedForEncodings = 0;
			knownRegions = (
				en,
				Base,
			);
			mainGroup = 8B721AD11DFDCE840025EA70;
			productRefGroup = 8B721ADB1DFDCE840025EA70 /* Products */;
			projectDirPath = "";
			projectRoot = "";
			targets = (
				8B721AD91DFDCE840025EA70 /* calculatorForCodeCamp */,
				8B721AED1DFDCE850025EA70 /* calculatorForCodeCampTests */,
				8B721AF81DFDCE850025EA70 /* calculatorForCodeCampUITests */,
			);
		};
/* End PBXProject section */

/* Begin PBXResourcesBuildPhase section */
		8B721AD81DFDCE840025EA70 /* Resources */ = {
			isa = PBXResourcesBuildPhase;
			buildActionMask = 2147483647;
			files = (
				8B27F8751E2FDD8A00BADE09 /* mon_066.gif in Resources */,
				8B1D6BB41E17BF050090CA7F /* 炎.gif in Resources */,
				8B2E82EB1E15F404005F9667 /* forest.png in Resources */,
				8B721AE81DFDCE840025EA70 /* LaunchScreen.storyboard in Resources */,
				8B27F87F1E2FDD8A00BADE09 /* mon_219.gif in Resources */,
				8B27F87C1E2FDD8A00BADE09 /* mon_196.gif in Resources */,
				8B27F8711E2FDD8A00BADE09 /* mon_061.gif in Resources */,
				8B1D6BB81E17BF130090CA7F /* 雷.gif in Resources */,
				8B27F8731E2FDD8A00BADE09 /* mon_063.gif in Resources */,
				8B27F8801E2FDD8A00BADE09 /* mon_220.gif in Resources */,
				8B1D6BA81E175A250090CA7F /* chara2.gif in Resources */,
				8B27F8761E2FDD8A00BADE09 /* mon_067.gif in Resources */,
				8B27F8781E2FDD8A00BADE09 /* mon_069.gif in Resources */,
				8B27F8741E2FDD8A00BADE09 /* mon_065.gif in Resources */,
				8B27F8791E2FDD8A00BADE09 /* mon_070.gif in Resources */,
				8B27F86D1E2FDD8A00BADE09 /* mon_054.gif in Resources */,
				8B721AE51DFDCE840025EA70 /* Assets.xcassets in Resources */,
				8B27F87E1E2FDD8A00BADE09 /* mon_198.gif in Resources */,
				8B1D6BA21E17580E0090CA7F /* chara3.gif in Resources */,
				8B27F84D1E2FBE9000BADE09 /* attack.wav in Resources */,
				8B27F8521E2FD5EF00BADE09 /* se_maoudamashii_onepoint23.mp3 in Resources */,
				8B27F8701E2FDD8A00BADE09 /* mon_058.gif in Resources */,
				8B1D6BAD1E17BDA60090CA7F /* water.wav in Resources */,
				8B27F86A1E2FDD8A00BADE09 /* mon_051.gif in Resources */,
				8B27F86F1E2FDD8A00BADE09 /* mon_057.gif in Resources */,
				8B27F8821E2FED3E00BADE09 /* death.mp3 in Resources */,
				8B27F86E1E2FDD8A00BADE09 /* mon_055.gif in Resources */,
				8B27F87D1E2FDD8A00BADE09 /* mon_197.gif in Resources */,
				8B27F86B1E2FDD8A00BADE09 /* mon_052.gif in Resources */,
				8B1D6BA11E17580E0090CA7F /* chara1.gif in Resources */,
				8B27F87A1E2FDD8A00BADE09 /* mon_192.gif in Resources */,
				8B27F8771E2FDD8A00BADE09 /* mon_068.gif in Resources */,
				8B1D6BB11E17BDFA0090CA7F /* thunder.wav in Resources */,
				8B1D6BAF1E17BDB30090CA7F /* fire.wav in Resources */,
				8B27F8501E2FD24000BADE09 /* f008_forest8.mp3 in Resources */,
				8B27F8721E2FDD8A00BADE09 /* mon_062.gif in Resources */,
				8B721AE31DFDCE840025EA70 /* Main.storyboard in Resources */,
				8B1D6BB61E17BF0D0090CA7F /* 水.gif in Resources */,
				8B27F86C1E2FDD8A00BADE09 /* mon_053.gif in Resources */,
				8B27F87B1E2FDD8A00BADE09 /* mon_193.gif in Resources */,
				8B1D6BAB1E17BD680090CA7F /* ヒット＿通常.wav in Resources */,
				8B2E82EC1E15F404005F9667 /* grassland.png in Resources */,
			);
			runOnlyForDeploymentPostprocessing = 0;
		};
		8B721AEC1DFDCE850025EA70 /* Resources */ = {
			isa = PBXResourcesBuildPhase;
			buildActionMask = 2147483647;
			files = (
			);
			runOnlyForDeploymentPostprocessing = 0;
		};
		8B721AF71DFDCE850025EA70 /* Resources */ = {
			isa = PBXResourcesBuildPhase;
			buildActionMask = 2147483647;
			files = (
			);
			runOnlyForDeploymentPostprocessing = 0;
		};
/* End PBXResourcesBuildPhase section */

/* Begin PBXShellScriptBuildPhase section */
		2400093928D8D53DEEF6F6CA /* [CP] Check Pods Manifest.lock */ = {
			isa = PBXShellScriptBuildPhase;
			buildActionMask = 2147483647;
			files = (
			);
			inputPaths = (
			);
			name = "[CP] Check Pods Manifest.lock";
			outputPaths = (
			);
			runOnlyForDeploymentPostprocessing = 0;
			shellPath = /bin/sh;
			shellScript = "diff \"${PODS_ROOT}/../Podfile.lock\" \"${PODS_ROOT}/Manifest.lock\" > /dev/null\nif [ $? != 0 ] ; then\n    # print error to STDERR\n    echo \"error: The sandbox is not in sync with the Podfile.lock. Run 'pod install' or update your CocoaPods installation.\" >&2\n    exit 1\nfi\n";
			showEnvVarsInLog = 0;
		};
		DDCF1B801924926C7E618A26 /* [CP] Embed Pods Frameworks */ = {
			isa = PBXShellScriptBuildPhase;
			buildActionMask = 2147483647;
			files = (
			);
			inputPaths = (
			);
			name = "[CP] Embed Pods Frameworks";
			outputPaths = (
			);
			runOnlyForDeploymentPostprocessing = 0;
			shellPath = /bin/sh;
			shellScript = "\"${SRCROOT}/Pods/Target Support Files/Pods-calculatorForCodeCamp/Pods-calculatorForCodeCamp-frameworks.sh\"\n";
			showEnvVarsInLog = 0;
		};
		DFD0C31CBAA90BBA523B3624 /* [CP] Copy Pods Resources */ = {
			isa = PBXShellScriptBuildPhase;
			buildActionMask = 2147483647;
			files = (
			);
			inputPaths = (
			);
			name = "[CP] Copy Pods Resources";
			outputPaths = (
			);
			runOnlyForDeploymentPostprocessing = 0;
			shellPath = /bin/sh;
			shellScript = "\"${SRCROOT}/Pods/Target Support Files/Pods-calculatorForCodeCamp/Pods-calculatorForCodeCamp-resources.sh\"\n";
			showEnvVarsInLog = 0;
		};
/* End PBXShellScriptBuildPhase section */

/* Begin PBXSourcesBuildPhase section */
		8B721AD61DFDCE840025EA70 /* Sources */ = {
			isa = PBXSourcesBuildPhase;
			buildActionMask = 2147483647;
			files = (
				8B721AE01DFDCE840025EA70 /* ViewController.swift in Sources */,
				8B53595D1E1288A70024A7BC /* calcRegistrationClass.swift in Sources */,
				8B2DAA4E1E17D7D2006893A0 /* UIImage+Gif.swift in Sources */,
				8B721ADE1DFDCE840025EA70 /* AppDelegate.swift in Sources */,
				8B2DAA501E17DDBB006893A0 /* characterClass.swift in Sources */,
			);
			runOnlyForDeploymentPostprocessing = 0;
		};
		8B721AEA1DFDCE850025EA70 /* Sources */ = {
			isa = PBXSourcesBuildPhase;
			buildActionMask = 2147483647;
			files = (
				8B721AF31DFDCE850025EA70 /* calculatorForCodeCampTests.swift in Sources */,
			);
			runOnlyForDeploymentPostprocessing = 0;
		};
		8B721AF51DFDCE850025EA70 /* Sources */ = {
			isa = PBXSourcesBuildPhase;
			buildActionMask = 2147483647;
			files = (
				8B721AFE1DFDCE850025EA70 /* calculatorForCodeCampUITests.swift in Sources */,
			);
			runOnlyForDeploymentPostprocessing = 0;
		};
/* End PBXSourcesBuildPhase section */

/* Begin PBXTargetDependency section */
		8B721AF01DFDCE850025EA70 /* PBXTargetDependency */ = {
			isa = PBXTargetDependency;
			target = 8B721AD91DFDCE840025EA70 /* calculatorForCodeCamp */;
			targetProxy = 8B721AEF1DFDCE850025EA70 /* PBXContainerItemProxy */;
		};
		8B721AFB1DFDCE850025EA70 /* PBXTargetDependency */ = {
			isa = PBXTargetDependency;
			target = 8B721AD91DFDCE840025EA70 /* calculatorForCodeCamp */;
			targetProxy = 8B721AFA1DFDCE850025EA70 /* PBXContainerItemProxy */;
		};
/* End PBXTargetDependency section */

/* Begin PBXVariantGroup section */
		8B721AE11DFDCE840025EA70 /* Main.storyboard */ = {
			isa = PBXVariantGroup;
			children = (
				8B721AE21DFDCE840025EA70 /* Base */,
			);
			name = Main.storyboard;
			sourceTree = "<group>";
		};
		8B721AE61DFDCE840025EA70 /* LaunchScreen.storyboard */ = {
			isa = PBXVariantGroup;
			children = (
				8B721AE71DFDCE840025EA70 /* Base */,
			);
			name = LaunchScreen.storyboard;
			sourceTree = "<group>";
		};
/* End PBXVariantGroup section */

/* Begin XCBuildConfiguration section */
		8B721B001DFDCE850025EA70 /* Debug */ = {
			isa = XCBuildConfiguration;
			buildSettings = {
				ALWAYS_SEARCH_USER_PATHS = NO;
				CLANG_ANALYZER_NONNULL = YES;
				CLANG_CXX_LANGUAGE_STANDARD = "gnu++0x";
				CLANG_CXX_LIBRARY = "libc++";
				CLANG_ENABLE_MODULES = YES;
				CLANG_ENABLE_OBJC_ARC = YES;
				CLANG_WARN_BOOL_CONVERSION = YES;
				CLANG_WARN_CONSTANT_CONVERSION = YES;
				CLANG_WARN_DIRECT_OBJC_ISA_USAGE = YES_ERROR;
				CLANG_WARN_DOCUMENTATION_COMMENTS = YES;
				CLANG_WARN_EMPTY_BODY = YES;
				CLANG_WARN_ENUM_CONVERSION = YES;
				CLANG_WARN_INFINITE_RECURSION = YES;
				CLANG_WARN_INT_CONVERSION = YES;
				CLANG_WARN_OBJC_ROOT_CLASS = YES_ERROR;
				CLANG_WARN_SUSPICIOUS_MOVES = YES;
				CLANG_WARN_UNREACHABLE_CODE = YES;
				CLANG_WARN__DUPLICATE_METHOD_MATCH = YES;
				"CODE_SIGN_IDENTITY[sdk=iphoneos*]" = "iPhone Developer";
				COPY_PHASE_STRIP = NO;
				DEBUG_INFORMATION_FORMAT = dwarf;
				ENABLE_STRICT_OBJC_MSGSEND = YES;
				ENABLE_TESTABILITY = YES;
				GCC_C_LANGUAGE_STANDARD = gnu99;
				GCC_DYNAMIC_NO_PIC = NO;
				GCC_NO_COMMON_BLOCKS = YES;
				GCC_OPTIMIZATION_LEVEL = 0;
				GCC_PREPROCESSOR_DEFINITIONS = (
					"DEBUG=1",
					"$(inherited)",
				);
				GCC_WARN_64_TO_32_BIT_CONVERSION = YES;
				GCC_WARN_ABOUT_RETURN_TYPE = YES_ERROR;
				GCC_WARN_UNDECLARED_SELECTOR = YES;
				GCC_WARN_UNINITIALIZED_AUTOS = YES_AGGRESSIVE;
				GCC_WARN_UNUSED_FUNCTION = YES;
				GCC_WARN_UNUSED_VARIABLE = YES;
				IPHONEOS_DEPLOYMENT_TARGET = 10.1;
				MTL_ENABLE_DEBUG_INFO = YES;
				ONLY_ACTIVE_ARCH = YES;
				SDKROOT = iphoneos;
				SWIFT_ACTIVE_COMPILATION_CONDITIONS = DEBUG;
				SWIFT_OPTIMIZATION_LEVEL = "-Onone";
			};
			name = Debug;
		};
		8B721B011DFDCE850025EA70 /* Release */ = {
			isa = XCBuildConfiguration;
			buildSettings = {
				ALWAYS_SEARCH_USER_PATHS = NO;
				CLANG_ANALYZER_NONNULL = YES;
				CLANG_CXX_LANGUAGE_STANDARD = "gnu++0x";
				CLANG_CXX_LIBRARY = "libc++";
				CLANG_ENABLE_MODULES = YES;
				CLANG_ENABLE_OBJC_ARC = YES;
				CLANG_WARN_BOOL_CONVERSION = YES;
				CLANG_WARN_CONSTANT_CONVERSION = YES;
				CLANG_WARN_DIRECT_OBJC_ISA_USAGE = YES_ERROR;
				CLANG_WARN_DOCUMENTATION_COMMENTS = YES;
				CLANG_WARN_EMPTY_BODY = YES;
				CLANG_WARN_ENUM_CONVERSION = YES;
				CLANG_WARN_INFINITE_RECURSION = YES;
				CLANG_WARN_INT_CONVERSION = YES;
				CLANG_WARN_OBJC_ROOT_CLASS = YES_ERROR;
				CLANG_WARN_SUSPICIOUS_MOVES = YES;
				CLANG_WARN_UNREACHABLE_CODE = YES;
				CLANG_WARN__DUPLICATE_METHOD_MATCH = YES;
				"CODE_SIGN_IDENTITY[sdk=iphoneos*]" = "iPhone Developer";
				COPY_PHASE_STRIP = NO;
				DEBUG_INFORMATION_FORMAT = "dwarf-with-dsym";
				ENABLE_NS_ASSERTIONS = NO;
				ENABLE_STRICT_OBJC_MSGSEND = YES;
				GCC_C_LANGUAGE_STANDARD = gnu99;
				GCC_NO_COMMON_BLOCKS = YES;
				GCC_WARN_64_TO_32_BIT_CONVERSION = YES;
				GCC_WARN_ABOUT_RETURN_TYPE = YES_ERROR;
				GCC_WARN_UNDECLARED_SELECTOR = YES;
				GCC_WARN_UNINITIALIZED_AUTOS = YES_AGGRESSIVE;
				GCC_WARN_UNUSED_FUNCTION = YES;
				GCC_WARN_UNUSED_VARIABLE = YES;
				IPHONEOS_DEPLOYMENT_TARGET = 10.1;
				MTL_ENABLE_DEBUG_INFO = NO;
				SDKROOT = iphoneos;
				SWIFT_OPTIMIZATION_LEVEL = "-Owholemodule";
				VALIDATE_PRODUCT = YES;
			};
			name = Release;
		};
		8B721B031DFDCE850025EA70 /* Debug */ = {
			isa = XCBuildConfiguration;
			baseConfigurationReference = 76CD743B3723DC18D6A95363 /* Pods-calculatorForCodeCamp.debug.xcconfig */;
			buildSettings = {
				ASSETCATALOG_COMPILER_APPICON_NAME = AppIcon;
				INFOPLIST_FILE = calculatorForCodeCamp/Info.plist;
				LD_RUNPATH_SEARCH_PATHS = "$(inherited) @executable_path/Frameworks";
				PRODUCT_BUNDLE_IDENTIFIER = toshimitsu.calculatorForCodeCamp;
				PRODUCT_NAME = "$(TARGET_NAME)";
				SWIFT_VERSION = 3.0;
			};
			name = Debug;
		};
		8B721B041DFDCE850025EA70 /* Release */ = {
			isa = XCBuildConfiguration;
			baseConfigurationReference = C91A3114DFEEBDE7CCF7FAD7 /* Pods-calculatorForCodeCamp.release.xcconfig */;
			buildSettings = {
				ASSETCATALOG_COMPILER_APPICON_NAME = AppIcon;
				INFOPLIST_FILE = calculatorForCodeCamp/Info.plist;
				LD_RUNPATH_SEARCH_PATHS = "$(inherited) @executable_path/Frameworks";
				PRODUCT_BUNDLE_IDENTIFIER = toshimitsu.calculatorForCodeCamp;
				PRODUCT_NAME = "$(TARGET_NAME)";
				SWIFT_VERSION = 3.0;
			};
			name = Release;
		};
		8B721B061DFDCE850025EA70 /* Debug */ = {
			isa = XCBuildConfiguration;
			buildSettings = {
				ALWAYS_EMBED_SWIFT_STANDARD_LIBRARIES = YES;
				BUNDLE_LOADER = "$(TEST_HOST)";
				INFOPLIST_FILE = calculatorForCodeCampTests/Info.plist;
				LD_RUNPATH_SEARCH_PATHS = "$(inherited) @executable_path/Frameworks @loader_path/Frameworks";
				PRODUCT_BUNDLE_IDENTIFIER = toshimitsu.calculatorForCodeCampTests;
				PRODUCT_NAME = "$(TARGET_NAME)";
				SWIFT_VERSION = 3.0;
				TEST_HOST = "$(BUILT_PRODUCTS_DIR)/calculatorForCodeCamp.app/calculatorForCodeCamp";
			};
			name = Debug;
		};
		8B721B071DFDCE850025EA70 /* Release */ = {
			isa = XCBuildConfiguration;
			buildSettings = {
				ALWAYS_EMBED_SWIFT_STANDARD_LIBRARIES = YES;
				BUNDLE_LOADER = "$(TEST_HOST)";
				INFOPLIST_FILE = calculatorForCodeCampTests/Info.plist;
				LD_RUNPATH_SEARCH_PATHS = "$(inherited) @executable_path/Frameworks @loader_path/Frameworks";
				PRODUCT_BUNDLE_IDENTIFIER = toshimitsu.calculatorForCodeCampTests;
				PRODUCT_NAME = "$(TARGET_NAME)";
				SWIFT_VERSION = 3.0;
				TEST_HOST = "$(BUILT_PRODUCTS_DIR)/calculatorForCodeCamp.app/calculatorForCodeCamp";
			};
			name = Release;
		};
		8B721B091DFDCE850025EA70 /* Debug */ = {
			isa = XCBuildConfiguration;
			buildSettings = {
				ALWAYS_EMBED_SWIFT_STANDARD_LIBRARIES = YES;
				INFOPLIST_FILE = calculatorForCodeCampUITests/Info.plist;
				LD_RUNPATH_SEARCH_PATHS = "$(inherited) @executable_path/Frameworks @loader_path/Frameworks";
				PRODUCT_BUNDLE_IDENTIFIER = toshimitsu.calculatorForCodeCampUITests;
				PRODUCT_NAME = "$(TARGET_NAME)";
				SWIFT_VERSION = 3.0;
				TEST_TARGET_NAME = calculatorForCodeCamp;
			};
			name = Debug;
		};
		8B721B0A1DFDCE850025EA70 /* Release */ = {
			isa = XCBuildConfiguration;
			buildSettings = {
				ALWAYS_EMBED_SWIFT_STANDARD_LIBRARIES = YES;
				INFOPLIST_FILE = calculatorForCodeCampUITests/Info.plist;
				LD_RUNPATH_SEARCH_PATHS = "$(inherited) @executable_path/Frameworks @loader_path/Frameworks";
				PRODUCT_BUNDLE_IDENTIFIER = toshimitsu.calculatorForCodeCampUITests;
				PRODUCT_NAME = "$(TARGET_NAME)";
				SWIFT_VERSION = 3.0;
				TEST_TARGET_NAME = calculatorForCodeCamp;
			};
			name = Release;
		};
/* End XCBuildConfiguration section */

/* Begin XCConfigurationList section */
		8B721AD51DFDCE840025EA70 /* Build configuration list for PBXProject "calculatorForCodeCamp" */ = {
			isa = XCConfigurationList;
			buildConfigurations = (
				8B721B001DFDCE850025EA70 /* Debug */,
				8B721B011DFDCE850025EA70 /* Release */,
			);
			defaultConfigurationIsVisible = 0;
			defaultConfigurationName = Release;
		};
		8B721B021DFDCE850025EA70 /* Build configuration list for PBXNativeTarget "calculatorForCodeCamp" */ = {
			isa = XCConfigurationList;
			buildConfigurations = (
				8B721B031DFDCE850025EA70 /* Debug */,
				8B721B041DFDCE850025EA70 /* Release */,
			);
			defaultConfigurationIsVisible = 0;
			defaultConfigurationName = Release;
		};
		8B721B051DFDCE850025EA70 /* Build configuration list for PBXNativeTarget "calculatorForCodeCampTests" */ = {
			isa = XCConfigurationList;
			buildConfigurations = (
				8B721B061DFDCE850025EA70 /* Debug */,
				8B721B071DFDCE850025EA70 /* Release */,
			);
			defaultConfigurationIsVisible = 0;
			defaultConfigurationName = Release;
		};
		8B721B081DFDCE850025EA70 /* Build configuration list for PBXNativeTarget "calculatorForCodeCampUITests" */ = {
			isa = XCConfigurationList;
			buildConfigurations = (
				8B721B091DFDCE850025EA70 /* Debug */,
				8B721B0A1DFDCE850025EA70 /* Release */,
			);
			defaultConfigurationIsVisible = 0;
			defaultConfigurationName = Release;
		};
/* End XCConfigurationList section */
	};
	rootObject = 8B721AD21DFDCE840025EA70 /* Project object */;
}
